
Microsoft Visual Studio Solution File, Format Version 12.00
# Visual Studio 15
VisualStudioVersion = 15.0.27130.2027
MinimumVisualStudioVersion = 10.0.40219.1
Project("{8BC9CEB8-8B4A-11D0-8D11-00A0C91BC942}") = "NppSaveAsAdmin", "NppPluginTemplate.vcxproj", "{9D04DBD5-E12E-44E0-A683-6F43F21D533B}"
	ProjectSection(ProjectDependencies) = postProject
		{02B425E1-804D-4F60-90CD-9D26F75623B0} = {02B425E1-804D-4F60-90CD-9D26F75623B0}
	EndProjectSection
EndProject
Project("{8BC9CEB8-8B4A-11D0-8D11-00A0C91BC942}") = "NppCommon", "..\..\NppCommon\NppCommon.vcxproj", "{02B425E1-804D-4F60-90CD-9D26F75623B0}"
EndProject
Project("{8BC9CEB8-8B4A-11D0-8D11-00A0C91BC942}") = "NppAdminAccess", "..\..\NppAdminAccess\NppAdminAccess.vcxproj", "{CAA47112-6D75-466C-BA89-F024B9BA3018}"
	ProjectSection(ProjectDependencies) = postProject
		{02B425E1-804D-4F60-90CD-9D26F75623B0} = {02B425E1-804D-4F60-90CD-9D26F75623B0}
	EndProjectSection
EndProject
Project("{8BC9CEB8-8B4A-11D0-8D11-00A0C91BC942}") = "UnitTests", "..\..\UnitTests\UnitTests.vcxproj", "{A25BA222-6DD6-46B2-9701-F0CE6C2B3BB0}"
EndProject
Project("{8BC9CEB8-8B4A-11D0-8D11-00A0C91BC942}") = "NppSaveAsAdminLib", "..\..\NppSaveAsAdminLib\NppSaveAsAdminLib.vcxproj", "{F10E6E67-956F-4847-9110-8B4EB56A2857}"
	ProjectSection(ProjectDependencies) = postProject
		{CAA47112-6D75-466C-BA89-F024B9BA3018} = {CAA47112-6D75-466C-BA89-F024B9BA3018}
	EndProjectSection
EndProject
Project("{8BC9CEB8-8B4A-11D0-8D11-00A0C91BC942}") = "NppAdminAccessLib", "..\..\NppAdminAccessLib\NppAdminAccessLib.vcxproj", "{2394591E-0D3A-4444-8E04-4BFBD689C6A1}"
EndProject
Global
	GlobalSection(SolutionConfigurationPlatforms) = preSolution
		Debug|x64 = Debug|x64
		Debug|x86 = Debug|x86
		Release|x64 = Release|x64
		Release|x86 = Release|x86
	EndGlobalSection
	GlobalSection(ProjectConfigurationPlatforms) = postSolution
		{9D04DBD5-E12E-44E0-A683-6F43F21D533B}.Debug|x64.ActiveCfg = Debug|x64
		{9D04DBD5-E12E-44E0-A683-6F43F21D533B}.Debug|x64.Build.0 = Debug|x64
		{9D04DBD5-E12E-44E0-A683-6F43F21D533B}.Debug|x86.ActiveCfg = Debug|Win32
		{9D04DBD5-E12E-44E0-A683-6F43F21D533B}.Debug|x86.Build.0 = Debug|Win32
		{9D04DBD5-E12E-44E0-A683-6F43F21D533B}.Release|x64.ActiveCfg = Release|x64
		{9D04DBD5-E12E-44E0-A683-6F43F21D533B}.Release|x64.Build.0 = Release|x64
		{9D04DBD5-E12E-44E0-A683-6F43F21D533B}.Release|x86.ActiveCfg = Release|Win32
		{9D04DBD5-E12E-44E0-A683-6F43F21D533B}.Release|x86.Build.0 = Release|Win32
		{02B425E1-804D-4F60-90CD-9D26F75623B0}.Debug|x64.ActiveCfg = Debug|x64
		{02B425E1-804D-4F60-90CD-9D26F75623B0}.Debug|x64.Build.0 = Debug|x64
		{02B425E1-804D-4F60-90CD-9D26F75623B0}.Debug|x86.ActiveCfg = Debug|Win32
		{02B425E1-804D-4F60-90CD-9D26F75623B0}.Debug|x86.Build.0 = Debug|Win32
		{02B425E1-804D-4F60-90CD-9D26F75623B0}.Release|x64.ActiveCfg = Release|x64
		{02B425E1-804D-4F60-90CD-9D26F75623B0}.Release|x64.Build.0 = Release|x64
		{02B425E1-804D-4F60-90CD-9D26F75623B0}.Release|x86.ActiveCfg = Release|Win32
		{02B425E1-804D-4F60-90CD-9D26F75623B0}.Release|x86.Build.0 = Release|Win32
		{CAA47112-6D75-466C-BA89-F024B9BA3018}.Debug|x64.ActiveCfg = Debug|x64
		{CAA47112-6D75-466C-BA89-F024B9BA3018}.Debug|x64.Build.0 = Debug|x64
		{CAA47112-6D75-466C-BA89-F024B9BA3018}.Debug|x86.ActiveCfg = Debug|Win32
		{CAA47112-6D75-466C-BA89-F024B9BA3018}.Debug|x86.Build.0 = Debug|Win32
		{CAA47112-6D75-466C-BA89-F024B9BA3018}.Release|x64.ActiveCfg = Release|x64
		{CAA47112-6D75-466C-BA89-F024B9BA3018}.Release|x64.Build.0 = Release|x64
		{CAA47112-6D75-466C-BA89-F024B9BA3018}.Release|x86.ActiveCfg = Release|Win32
		{CAA47112-6D75-466C-BA89-F024B9BA3018}.Release|x86.Build.0 = Release|Win32
		{A25BA222-6DD6-46B2-9701-F0CE6C2B3BB0}.Debug|x64.ActiveCfg = Debug|x64
		{A25BA222-6DD6-46B2-9701-F0CE6C2B3BB0}.Debug|x64.Build.0 = Debug|x64
		{A25BA222-6DD6-46B2-9701-F0CE6C2B3BB0}.Debug|x86.ActiveCfg = Debug|Win32
		{A25BA222-6DD6-46B2-9701-F0CE6C2B3BB0}.Debug|x86.Build.0 = Debug|Win32
		{A25BA222-6DD6-46B2-9701-F0CE6C2B3BB0}.Release|x64.ActiveCfg = Release|x64
		{A25BA222-6DD6-46B2-9701-F0CE6C2B3BB0}.Release|x64.Build.0 = Release|x64
		{A25BA222-6DD6-46B2-9701-F0CE6C2B3BB0}.Release|x86.ActiveCfg = Release|Win32
		{A25BA222-6DD6-46B2-9701-F0CE6C2B3BB0}.Release|x86.Build.0 = Release|Win32
		{F10E6E67-956F-4847-9110-8B4EB56A2857}.Debug|x64.ActiveCfg = Debug|x64
		{F10E6E67-956F-4847-9110-8B4EB56A2857}.Debug|x64.Build.0 = Debug|x64
		{F10E6E67-956F-4847-9110-8B4EB56A2857}.Debug|x86.ActiveCfg = Debug|Win32
		{F10E6E67-956F-4847-9110-8B4EB56A2857}.Debug|x86.Build.0 = Debug|Win32
		{F10E6E67-956F-4847-9110-8B4EB56A2857}.Release|x64.ActiveCfg = Release|x64
		{F10E6E67-956F-4847-9110-8B4EB56A2857}.Release|x64.Build.0 = Release|x64
		{F10E6E67-956F-4847-9110-8B4EB56A2857}.Release|x86.ActiveCfg = Release|Win32
		{F10E6E67-956F-4847-9110-8B4EB56A2857}.Release|x86.Build.0 = Release|Win32
		{2394591E-0D3A-4444-8E04-4BFBD689C6A1}.Debug|x64.ActiveCfg = Debug|x64
		{2394591E-0D3A-4444-8E04-4BFBD689C6A1}.Debug|x64.Build.0 = Debug|x64
		{2394591E-0D3A-4444-8E04-4BFBD689C6A1}.Debug|x86.ActiveCfg = Debug|Win32
		{2394591E-0D3A-4444-8E04-4BFBD689C6A1}.Debug|x86.Build.0 = Debug|Win32
		{2394591E-0D3A-4444-8E04-4BFBD689C6A1}.Release|x64.ActiveCfg = Release|x64
		{2394591E-0D3A-4444-8E04-4BFBD689C6A1}.Release|x64.Build.0 = Release|x64
		{2394591E-0D3A-4444-8E04-4BFBD689C6A1}.Release|x86.ActiveCfg = Release|Win32
		{2394591E-0D3A-4444-8E04-4BFBD689C6A1}.Release|x86.Build.0 = Release|Win32
	EndGlobalSection
	GlobalSection(SolutionProperties) = preSolution
		HideSolutionNode = FALSE
	EndGlobalSection
	GlobalSection(ExtensibilityGlobals) = postSolution
		SolutionGuid = {6411F804-D9F6-4820-B686-B1074EAC3572}
	EndGlobalSection
EndGlobal
